// !$*UTF8*$!
{
	archiveVersion = 1;
	classes = {
	};
	objectVersion = 51;
	objects = {

/* Begin PBXBuildFile section */
		58A73BA61FB55081001EF4DF /* AppDelegate.swift in Sources */ = {isa = PBXBuildFile; fileRef = 58A73BA51FB55081001EF4DF /* AppDelegate.swift */; };
		58A73BAB1FB55081001EF4DF /* Main.storyboard in Resources */ = {isa = PBXBuildFile; fileRef = 58A73BA91FB55081001EF4DF /* Main.storyboard */; };
		58A73BAE1FB55081001EF4DF /* Expenses_CoreData.xcdatamodeld in Sources */ = {isa = PBXBuildFile; fileRef = 58A73BAC1FB55081001EF4DF /* Expenses_CoreData.xcdatamodeld */; };
		58A73BB01FB55081001EF4DF /* Assets.xcassets in Resources */ = {isa = PBXBuildFile; fileRef = 58A73BAF1FB55081001EF4DF /* Assets.xcassets */; };
		58A73BB31FB55081001EF4DF /* LaunchScreen.storyboard in Resources */ = {isa = PBXBuildFile; fileRef = 58A73BB11FB55081001EF4DF /* LaunchScreen.storyboard */; };
		58A73BBE1FB550A2001EF4DF /* NewAccount_ViewController.swift in Sources */ = {isa = PBXBuildFile; fileRef = 58A73BBA1FB550A2001EF4DF /* NewAccount_ViewController.swift */; };
		58A73BBF1FB550A2001EF4DF /* NewTransaction_ViewController.swift in Sources */ = {isa = PBXBuildFile; fileRef = 58A73BBB1FB550A2001EF4DF /* NewTransaction_ViewController.swift */; };
		58A73BC01FB550A2001EF4DF /* Accounts_ViewController.swift in Sources */ = {isa = PBXBuildFile; fileRef = 58A73BBC1FB550A2001EF4DF /* Accounts_ViewController.swift */; };
		58A73BC11FB550A2001EF4DF /* Transactions_ViewController.swift in Sources */ = {isa = PBXBuildFile; fileRef = 58A73BBD1FB550A2001EF4DF /* Transactions_ViewController.swift */; };
		5A1740C9245D56F60040340A /* Account+CoreDataClass.swift in Sources */ = {isa = PBXBuildFile; fileRef = 5A1740C3245D56F60040340A /* Account+CoreDataClass.swift */; };
		5A1740CA245D56F60040340A /* Account+CoreDataProperties.swift in Sources */ = {isa = PBXBuildFile; fileRef = 5A1740C4245D56F60040340A /* Account+CoreDataProperties.swift */; };
		5A1740CB245D56F60040340A /* Category+CoreDataClass.swift in Sources */ = {isa = PBXBuildFile; fileRef = 5A1740C5245D56F60040340A /* Category+CoreDataClass.swift */; };
		5A1740CC245D56F60040340A /* Category+CoreDataProperties.swift in Sources */ = {isa = PBXBuildFile; fileRef = 5A1740C6245D56F60040340A /* Category+CoreDataProperties.swift */; };
		5A1740CD245D56F60040340A /* Transaction+CoreDataClass.swift in Sources */ = {isa = PBXBuildFile; fileRef = 5A1740C7245D56F60040340A /* Transaction+CoreDataClass.swift */; };
		5A1740CE245D56F60040340A /* Transaction+CoreDataProperties.swift in Sources */ = {isa = PBXBuildFile; fileRef = 5A1740C8245D56F60040340A /* Transaction+CoreDataProperties.swift */; };
		5A1740D0245D5B1B0040340A /* NewCategory_ViewController.swift in Sources */ = {isa = PBXBuildFile; fileRef = 5A1740CF245D5B1B0040340A /* NewCategory_ViewController.swift */; };
		5A1740D2245D5B520040340A /* Categories_ViewController.swift in Sources */ = {isa = PBXBuildFile; fileRef = 5A1740D1245D5B520040340A /* Categories_ViewController.swift */; };
		5A1740D7245D8F780040340A /* CategoryList_ViewController.swift in Sources */ = {isa = PBXBuildFile; fileRef = 5A1740D6245D8F780040340A /* CategoryList_ViewController.swift */; };
		5A1740D9245D90F50040340A /* CategoryTransactions_ViewController.swift in Sources */ = {isa = PBXBuildFile; fileRef = 5A1740D8245D90F50040340A /* CategoryTransactions_ViewController.swift */; };
		5A44A350245F2F17009E3B4A /* Transaction_TableViewCell.swift in Sources */ = {isa = PBXBuildFile; fileRef = 5A44A34F245F2F17009E3B4A /* Transaction_TableViewCell.swift */; };
		5A4B9AF6245F4B320040A34C /* UIViewController+Ext.swift in Sources */ = {isa = PBXBuildFile; fileRef = 5A4B9AF5245F4B320040A34C /* UIViewController+Ext.swift */; };
/* End PBXBuildFile section */

/* Begin PBXFileReference section */
		58A73BA21FB55081001EF4DF /* Expenses_CoreData.app */ = {isa = PBXFileReference; explicitFileType = wrapper.application; includeInIndex = 0; path = Expenses_CoreData.app; sourceTree = BUILT_PRODUCTS_DIR; };
		58A73BA51FB55081001EF4DF /* AppDelegate.swift */ = {isa = PBXFileReference; lastKnownFileType = sourcecode.swift; path = AppDelegate.swift; sourceTree = "<group>"; };
		58A73BAA1FB55081001EF4DF /* Base */ = {isa = PBXFileReference; lastKnownFileType = file.storyboard; name = Base; path = Base.lproj/Main.storyboard; sourceTree = "<group>"; };
		58A73BAD1FB55081001EF4DF /* CategoricalExpenses.xcdatamodel */ = {isa = PBXFileReference; lastKnownFileType = wrapper.xcdatamodel; path = CategoricalExpenses.xcdatamodel; sourceTree = "<group>"; };
		58A73BAF1FB55081001EF4DF /* Assets.xcassets */ = {isa = PBXFileReference; lastKnownFileType = folder.assetcatalog; path = Assets.xcassets; sourceTree = "<group>"; };
		58A73BB21FB55081001EF4DF /* Base */ = {isa = PBXFileReference; lastKnownFileType = file.storyboard; name = Base; path = Base.lproj/LaunchScreen.storyboard; sourceTree = "<group>"; };
		58A73BB41FB55081001EF4DF /* Info.plist */ = {isa = PBXFileReference; lastKnownFileType = text.plist.xml; path = Info.plist; sourceTree = "<group>"; };
		58A73BBA1FB550A2001EF4DF /* NewAccount_ViewController.swift */ = {isa = PBXFileReference; fileEncoding = 4; lastKnownFileType = sourcecode.swift; path = NewAccount_ViewController.swift; sourceTree = "<group>"; };
		58A73BBB1FB550A2001EF4DF /* NewTransaction_ViewController.swift */ = {isa = PBXFileReference; fileEncoding = 4; lastKnownFileType = sourcecode.swift; path = NewTransaction_ViewController.swift; sourceTree = "<group>"; };
		58A73BBC1FB550A2001EF4DF /* Accounts_ViewController.swift */ = {isa = PBXFileReference; fileEncoding = 4; lastKnownFileType = sourcecode.swift; path = Accounts_ViewController.swift; sourceTree = "<group>"; };
		58A73BBD1FB550A2001EF4DF /* Transactions_ViewController.swift */ = {isa = PBXFileReference; fileEncoding = 4; lastKnownFileType = sourcecode.swift; path = Transactions_ViewController.swift; sourceTree = "<group>"; };
		5A1740C3245D56F60040340A /* Account+CoreDataClass.swift */ = {isa = PBXFileReference; lastKnownFileType = sourcecode.swift; path = "Account+CoreDataClass.swift"; sourceTree = "<group>"; };
		5A1740C4245D56F60040340A /* Account+CoreDataProperties.swift */ = {isa = PBXFileReference; lastKnownFileType = sourcecode.swift; path = "Account+CoreDataProperties.swift"; sourceTree = "<group>"; };
		5A1740C5245D56F60040340A /* Category+CoreDataClass.swift */ = {isa = PBXFileReference; lastKnownFileType = sourcecode.swift; path = "Category+CoreDataClass.swift"; sourceTree = "<group>"; };
		5A1740C6245D56F60040340A /* Category+CoreDataProperties.swift */ = {isa = PBXFileReference; lastKnownFileType = sourcecode.swift; path = "Category+CoreDataProperties.swift"; sourceTree = "<group>"; };
		5A1740C7245D56F60040340A /* Transaction+CoreDataClass.swift */ = {isa = PBXFileReference; lastKnownFileType = sourcecode.swift; path = "Transaction+CoreDataClass.swift"; sourceTree = "<group>"; };
		5A1740C8245D56F60040340A /* Transaction+CoreDataProperties.swift */ = {isa = PBXFileReference; lastKnownFileType = sourcecode.swift; path = "Transaction+CoreDataProperties.swift"; sourceTree = "<group>"; };
		5A1740CF245D5B1B0040340A /* NewCategory_ViewController.swift */ = {isa = PBXFileReference; lastKnownFileType = sourcecode.swift; path = NewCategory_ViewController.swift; sourceTree = "<group>"; };
		5A1740D1245D5B520040340A /* Categories_ViewController.swift */ = {isa = PBXFileReference; fileEncoding = 4; lastKnownFileType = sourcecode.swift; path = Categories_ViewController.swift; sourceTree = "<group>"; };
		5A1740D6245D8F780040340A /* CategoryList_ViewController.swift */ = {isa = PBXFileReference; lastKnownFileType = sourcecode.swift; path = CategoryList_ViewController.swift; sourceTree = "<group>"; };
		5A1740D8245D90F50040340A /* CategoryTransactions_ViewController.swift */ = {isa = PBXFileReference; lastKnownFileType = sourcecode.swift; path = CategoryTransactions_ViewController.swift; sourceTree = "<group>"; };
		5A44A34F245F2F17009E3B4A /* Transaction_TableViewCell.swift */ = {isa = PBXFileReference; lastKnownFileType = sourcecode.swift; path = Transaction_TableViewCell.swift; sourceTree = "<group>"; };
		5A4B9AF5245F4B320040A34C /* UIViewController+Ext.swift */ = {isa = PBXFileReference; lastKnownFileType = sourcecode.swift; path = "UIViewController+Ext.swift"; sourceTree = "<group>"; };
/* End PBXFileReference section */

/* Begin PBXFrameworksBuildPhase section */
		58A73B9F1FB55081001EF4DF /* Frameworks */ = {
			isa = PBXFrameworksBuildPhase;
			buildActionMask = 2147483647;
			files = (
			);
			runOnlyForDeploymentPostprocessing = 0;
		};
/* End PBXFrameworksBuildPhase section */

/* Begin PBXGroup section */
		58A73B991FB55081001EF4DF = {
			isa = PBXGroup;
			children = (
				58A73BA41FB55081001EF4DF /* Expenses_CoreData */,
				58A73BA31FB55081001EF4DF /* Products */,
				5A44A34C245F0638009E3B4A /* Frameworks */,
			);
			sourceTree = "<group>";
		};
		58A73BA31FB55081001EF4DF /* Products */ = {
			isa = PBXGroup;
			children = (
				58A73BA21FB55081001EF4DF /* Expenses_CoreData.app */,
			);
			name = Products;
			sourceTree = "<group>";
		};
		58A73BA41FB55081001EF4DF /* Expenses_CoreData */ = {
			isa = PBXGroup;
			children = (
				5AFDDAE7245F605B00CAE3E4 /* Helper */,
				5AFDDAE6245F603200CAE3E4 /* Cells */,
				5A1740D5245D74440040340A /* Storyboard */,
				5A1740D4245D74330040340A /* ViewController */,
				5A1740D3245D74260040340A /* CoreData */,
				58A73BB41FB55081001EF4DF /* Info.plist */,
				58A73BAC1FB55081001EF4DF /* Expenses_CoreData.xcdatamodeld */,
				58A73BC21FB550AF001EF4DF /* Resources */,
			);
			path = Expenses_CoreData;
			sourceTree = "<group>";
		};
		58A73BC21FB550AF001EF4DF /* Resources */ = {
			isa = PBXGroup;
			children = (
				58A73BAF1FB55081001EF4DF /* Assets.xcassets */,
				58A73BA51FB55081001EF4DF /* AppDelegate.swift */,
			);
			name = Resources;
			sourceTree = "<group>";
		};
		5A1740D3245D74260040340A /* CoreData */ = {
			isa = PBXGroup;
			children = (
				5A1740C3245D56F60040340A /* Account+CoreDataClass.swift */,
				5A1740C4245D56F60040340A /* Account+CoreDataProperties.swift */,
				5A1740C5245D56F60040340A /* Category+CoreDataClass.swift */,
				5A1740C6245D56F60040340A /* Category+CoreDataProperties.swift */,
				5A1740C7245D56F60040340A /* Transaction+CoreDataClass.swift */,
				5A1740C8245D56F60040340A /* Transaction+CoreDataProperties.swift */,
			);
			name = CoreData;
			sourceTree = "<group>";
		};
		5A1740D4245D74330040340A /* ViewController */ = {
			isa = PBXGroup;
			children = (
				58A73BBC1FB550A2001EF4DF /* Accounts_ViewController.swift */,
				58A73BBD1FB550A2001EF4DF /* Transactions_ViewController.swift */,
				5A1740D1245D5B520040340A /* Categories_ViewController.swift */,
				58A73BBA1FB550A2001EF4DF /* NewAccount_ViewController.swift */,
				5A1740CF245D5B1B0040340A /* NewCategory_ViewController.swift */,
				58A73BBB1FB550A2001EF4DF /* NewTransaction_ViewController.swift */,
				5A1740D6245D8F780040340A /* CategoryList_ViewController.swift */,
				5A1740D8245D90F50040340A /* CategoryTransactions_ViewController.swift */,
			);
			name = ViewController;
			sourceTree = "<group>";
		};
		5A1740D5245D74440040340A /* Storyboard */ = {
			isa = PBXGroup;
			children = (
				58A73BA91FB55081001EF4DF /* Main.storyboard */,
				58A73BB11FB55081001EF4DF /* LaunchScreen.storyboard */,
			);
			name = Storyboard;
			sourceTree = "<group>";
		};
		5A44A34C245F0638009E3B4A /* Frameworks */ = {
			isa = PBXGroup;
			children = (
			);
			name = Frameworks;
			sourceTree = "<group>";
		};
		5AFDDAE6245F603200CAE3E4 /* Cells */ = {
			isa = PBXGroup;
			children = (
				5A44A34F245F2F17009E3B4A /* Transaction_TableViewCell.swift */,
			);
			name = Cells;
			sourceTree = "<group>";
		};
		5AFDDAE7245F605B00CAE3E4 /* Helper */ = {
			isa = PBXGroup;
			children = (
				5A4B9AF5245F4B320040A34C /* UIViewController+Ext.swift */,
			);
			name = Helper;
			sourceTree = "<group>";
		};
/* End PBXGroup section */

/* Begin PBXNativeTarget section */
		58A73BA11FB55081001EF4DF /* Expenses_CoreData */ = {
			isa = PBXNativeTarget;
			buildConfigurationList = 58A73BB71FB55081001EF4DF /* Build configuration list for PBXNativeTarget "Expenses_CoreData" */;
			buildPhases = (
				58A73B9E1FB55081001EF4DF /* Sources */,
				58A73B9F1FB55081001EF4DF /* Frameworks */,
				58A73BA01FB55081001EF4DF /* Resources */,
			);
			buildRules = (
			);
			dependencies = (
			);
			name = Expenses_CoreData;
			productName = CategoricalExpenses;
			productReference = 58A73BA21FB55081001EF4DF /* Expenses_CoreData.app */;
			productType = "com.apple.product-type.application";
		};
/* End PBXNativeTarget section */

/* Begin PBXProject section */
		58A73B9A1FB55081001EF4DF /* Project object */ = {
			isa = PBXProject;
			attributes = {
				LastSwiftUpdateCheck = 0910;
				LastUpgradeCheck = 0940;
				ORGANIZATIONNAME = "Bikash Agarwal";
				TargetAttributes = {
					58A73BA11FB55081001EF4DF = {
						CreatedOnToolsVersion = 9.1;
						LastSwiftMigration = 1140;
						ProvisioningStyle = Automatic;
					};
				};
			};
			buildConfigurationList = 58A73B9D1FB55081001EF4DF /* Build configuration list for PBXProject "Expenses_CoreData" */;
			compatibilityVersion = "Xcode 10.0";
			developmentRegion = en;
			hasScannedForEncodings = 0;
			knownRegions = (
				en,
				Base,
			);
			mainGroup = 58A73B991FB55081001EF4DF;
			productRefGroup = 58A73BA31FB55081001EF4DF /* Products */;
			projectDirPath = "";
			projectRoot = "";
			targets = (
				58A73BA11FB55081001EF4DF /* Expenses_CoreData */,
			);
		};
/* End PBXProject section */

/* Begin PBXResourcesBuildPhase section */
		58A73BA01FB55081001EF4DF /* Resources */ = {
			isa = PBXResourcesBuildPhase;
			buildActionMask = 2147483647;
			files = (
				58A73BB31FB55081001EF4DF /* LaunchScreen.storyboard in Resources */,
				58A73BB01FB55081001EF4DF /* Assets.xcassets in Resources */,
				58A73BAB1FB55081001EF4DF /* Main.storyboard in Resources */,
			);
			runOnlyForDeploymentPostprocessing = 0;
		};
/* End PBXResourcesBuildPhase section */

/* Begin PBXSourcesBuildPhase section */
		58A73B9E1FB55081001EF4DF /* Sources */ = {
			isa = PBXSourcesBuildPhase;
			buildActionMask = 2147483647;
			files = (
				5A44A350245F2F17009E3B4A /* Transaction_TableViewCell.swift in Sources */,
				58A73BC11FB550A2001EF4DF /* Transactions_ViewController.swift in Sources */,
				58A73BBE1FB550A2001EF4DF /* NewAccount_ViewController.swift in Sources */,
				5A1740D0245D5B1B0040340A /* NewCategory_ViewController.swift in Sources */,
				5A1740CD245D56F60040340A /* Transaction+CoreDataClass.swift in Sources */,
				5A4B9AF6245F4B320040A34C /* UIViewController+Ext.swift in Sources */,
				5A1740C9245D56F60040340A /* Account+CoreDataClass.swift in Sources */,
				58A73BC01FB550A2001EF4DF /* Accounts_ViewController.swift in Sources */,
				5A1740D2245D5B520040340A /* Categories_ViewController.swift in Sources */,
				58A73BAE1FB55081001EF4DF /* Expenses_CoreData.xcdatamodeld in Sources */,
				58A73BBF1FB550A2001EF4DF /* NewTransaction_ViewController.swift in Sources */,
				5A1740D9245D90F50040340A /* CategoryTransactions_ViewController.swift in Sources */,
				5A1740CA245D56F60040340A /* Account+CoreDataProperties.swift in Sources */,
				5A1740CE245D56F60040340A /* Transaction+CoreDataProperties.swift in Sources */,
				5A1740CC245D56F60040340A /* Category+CoreDataProperties.swift in Sources */,
				5A1740D7245D8F780040340A /* CategoryList_ViewController.swift in Sources */,
				5A1740CB245D56F60040340A /* Category+CoreDataClass.swift in Sources */,
				58A73BA61FB55081001EF4DF /* AppDelegate.swift in Sources */,
			);
			runOnlyForDeploymentPostprocessing = 0;
		};
/* End PBXSourcesBuildPhase section */

/* Begin PBXVariantGroup section */
		58A73BA91FB55081001EF4DF /* Main.storyboard */ = {
			isa = PBXVariantGroup;
			children = (
				58A73BAA1FB55081001EF4DF /* Base */,
			);
			name = Main.storyboard;
			sourceTree = "<group>";
		};
		58A73BB11FB55081001EF4DF /* LaunchScreen.storyboard */ = {
			isa = PBXVariantGroup;
			children = (
				58A73BB21FB55081001EF4DF /* Base */,
			);
			name = LaunchScreen.storyboard;
			sourceTree = "<group>";
		};
/* End PBXVariantGroup section */

/* Begin XCBuildConfiguration section */
		58A73BB51FB55081001EF4DF /* Debug */ = {
			isa = XCBuildConfiguration;
			buildSettings = {
				ALWAYS_SEARCH_USER_PATHS = NO;
				CLANG_ANALYZER_NONNULL = YES;
				CLANG_ANALYZER_NUMBER_OBJECT_CONVERSION = YES_AGGRESSIVE;
				CLANG_CXX_LANGUAGE_STANDARD = "gnu++14";
				CLANG_CXX_LIBRARY = "libc++";
				CLANG_ENABLE_MODULES = YES;
				CLANG_ENABLE_OBJC_ARC = YES;
				CLANG_WARN_BLOCK_CAPTURE_AUTORELEASING = YES;
				CLANG_WARN_BOOL_CONVERSION = YES;
				CLANG_WARN_COMMA = YES;
				CLANG_WARN_CONSTANT_CONVERSION = YES;
				CLANG_WARN_DEPRECATED_OBJC_IMPLEMENTATIONS = YES;
				CLANG_WARN_DIRECT_OBJC_ISA_USAGE = YES_ERROR;
				CLANG_WARN_DOCUMENTATION_COMMENTS = YES;
				CLANG_WARN_EMPTY_BODY = YES;
				CLANG_WARN_ENUM_CONVERSION = YES;
				CLANG_WARN_INFINITE_RECURSION = YES;
				CLANG_WARN_INT_CONVERSION = YES;
				CLANG_WARN_NON_LITERAL_NULL_CONVERSION = YES;
				CLANG_WARN_OBJC_IMPLICIT_RETAIN_SELF = YES;
				CLANG_WARN_OBJC_LITERAL_CONVERSION = YES;
				CLANG_WARN_OBJC_ROOT_CLASS = YES_ERROR;
				CLANG_WARN_RANGE_LOOP_ANALYSIS = YES;
				CLANG_WARN_STRICT_PROTOTYPES = YES;
				CLANG_WARN_SUSPICIOUS_MOVE = YES;
				CLANG_WARN_UNGUARDED_AVAILABILITY = YES_AGGRESSIVE;
				CLANG_WARN_UNREACHABLE_CODE = YES;
				CLANG_WARN__DUPLICATE_METHOD_MATCH = YES;
				CODE_SIGN_IDENTITY = "iPhone Developer";
				COPY_PHASE_STRIP = NO;
				DEBUG_INFORMATION_FORMAT = dwarf;
				ENABLE_STRICT_OBJC_MSGSEND = YES;
				ENABLE_TESTABILITY = YES;
				GCC_C_LANGUAGE_STANDARD = gnu11;
				GCC_DYNAMIC_NO_PIC = NO;
				GCC_NO_COMMON_BLOCKS = YES;
				GCC_OPTIMIZATION_LEVEL = 0;
				GCC_PREPROCESSOR_DEFINITIONS = (
					"DEBUG=1",
					"$(inherited)",
				);
				GCC_WARN_64_TO_32_BIT_CONVERSION = YES;
				GCC_WARN_ABOUT_RETURN_TYPE = YES_ERROR;
				GCC_WARN_UNDECLARED_SELECTOR = YES;
				GCC_WARN_UNINITIALIZED_AUTOS = YES_AGGRESSIVE;
				GCC_WARN_UNUSED_FUNCTION = YES;
				GCC_WARN_UNUSED_VARIABLE = YES;
				IPHONEOS_DEPLOYMENT_TARGET = 11.1;
				MTL_ENABLE_DEBUG_INFO = YES;
				ONLY_ACTIVE_ARCH = YES;
				SDKROOT = iphoneos;
				SWIFT_ACTIVE_COMPILATION_CONDITIONS = DEBUG;
				SWIFT_OPTIMIZATION_LEVEL = "-Onone";
			};
			name = Debug;
		};
		58A73BB61FB55081001EF4DF /* Release */ = {
			isa = XCBuildConfiguration;
			buildSettings = {
				ALWAYS_SEARCH_USER_PATHS = NO;
				CLANG_ANALYZER_NONNULL = YES;
				CLANG_ANALYZER_NUMBER_OBJECT_CONVERSION = YES_AGGRESSIVE;
				CLANG_CXX_LANGUAGE_STANDARD = "gnu++14";
				CLANG_CXX_LIBRARY = "libc++";
				CLANG_ENABLE_MODULES = YES;
				CLANG_ENABLE_OBJC_ARC = YES;
				CLANG_WARN_BLOCK_CAPTURE_AUTORELEASING = YES;
				CLANG_WARN_BOOL_CONVERSION = YES;
				CLANG_WARN_COMMA = YES;
				CLANG_WARN_CONSTANT_CONVERSION = YES;
				CLANG_WARN_DEPRECATED_OBJC_IMPLEMENTATIONS = YES;
				CLANG_WARN_DIRECT_OBJC_ISA_USAGE = YES_ERROR;
				CLANG_WARN_DOCUMENTATION_COMMENTS = YES;
				CLANG_WARN_EMPTY_BODY = YES;
				CLANG_WARN_ENUM_CONVERSION = YES;
				CLANG_WARN_INFINITE_RECURSION = YES;
				CLANG_WARN_INT_CONVERSION = YES;
				CLANG_WARN_NON_LITERAL_NULL_CONVERSION = YES;
				CLANG_WARN_OBJC_IMPLICIT_RETAIN_SELF = YES;
				CLANG_WARN_OBJC_LITERAL_CONVERSION = YES;
				CLANG_WARN_OBJC_ROOT_CLASS = YES_ERROR;
				CLANG_WARN_RANGE_LOOP_ANALYSIS = YES;
				CLANG_WARN_STRICT_PROTOTYPES = YES;
				CLANG_WARN_SUSPICIOUS_MOVE = YES;
				CLANG_WARN_UNGUARDED_AVAILABILITY = YES_AGGRESSIVE;
				CLANG_WARN_UNREACHABLE_CODE = YES;
				CLANG_WARN__DUPLICATE_METHOD_MATCH = YES;
				CODE_SIGN_IDENTITY = "iPhone Developer";
				COPY_PHASE_STRIP = NO;
				DEBUG_INFORMATION_FORMAT = "dwarf-with-dsym";
				ENABLE_NS_ASSERTIONS = NO;
				ENABLE_STRICT_OBJC_MSGSEND = YES;
				GCC_C_LANGUAGE_STANDARD = gnu11;
				GCC_NO_COMMON_BLOCKS = YES;
				GCC_WARN_64_TO_32_BIT_CONVERSION = YES;
				GCC_WARN_ABOUT_RETURN_TYPE = YES_ERROR;
				GCC_WARN_UNDECLARED_SELECTOR = YES;
				GCC_WARN_UNINITIALIZED_AUTOS = YES_AGGRESSIVE;
				GCC_WARN_UNUSED_FUNCTION = YES;
				GCC_WARN_UNUSED_VARIABLE = YES;
				IPHONEOS_DEPLOYMENT_TARGET = 11.1;
				MTL_ENABLE_DEBUG_INFO = NO;
				SDKROOT = iphoneos;
				SWIFT_COMPILATION_MODE = wholemodule;
				SWIFT_OPTIMIZATION_LEVEL = "-O";
				VALIDATE_PRODUCT = YES;
			};
			name = Release;
		};
		58A73BB81FB55081001EF4DF /* Debug */ = {
			isa = XCBuildConfiguration;
			buildSettings = {
				ASSETCATALOG_COMPILER_APPICON_NAME = AppIcon;
				CODE_SIGN_STYLE = Automatic;
				DEVELOPMENT_TEAM = PVDZ6SKW4U;
				INFOPLIST_FILE = Expenses_CoreData/Info.plist;
				IPHONEOS_DEPLOYMENT_TARGET = 13.0;
				LD_RUNPATH_SEARCH_PATHS = (
					"$(inherited)",
					"@executable_path/Frameworks",
				);
				PRODUCT_BUNDLE_IDENTIFIER = com.getbiks.CoreCloudTest;
				PRODUCT_NAME = "$(TARGET_NAME)";
				SWIFT_VERSION = 5.0;
				TARGETED_DEVICE_FAMILY = "1,2";
			};
			name = Debug;
		};
		58A73BB91FB55081001EF4DF /* Release */ = {
			isa = XCBuildConfiguration;
			buildSettings = {
				ASSETCATALOG_COMPILER_APPICON_NAME = AppIcon;
				CODE_SIGN_STYLE = Automatic;
				DEVELOPMENT_TEAM = PVDZ6SKW4U;
				INFOPLIST_FILE = Expenses_CoreData/Info.plist;
				IPHONEOS_DEPLOYMENT_TARGET = 13.0;
				LD_RUNPATH_SEARCH_PATHS = (
					"$(inherited)",
					"@executable_path/Frameworks",
				);
				PRODUCT_BUNDLE_IDENTIFIER = com.getbiks.CoreCloudTest;
				PRODUCT_NAME = "$(TARGET_NAME)";
				SWIFT_VERSION = 5.0;
				TARGETED_DEVICE_FAMILY = "1,2";
			};
			name = Release;
		};
/* End XCBuildConfiguration section */

/* Begin XCConfigurationList section */
		58A73B9D1FB55081001EF4DF /* Build configuration list for PBXProject "Expenses_CoreData" */ = {
			isa = XCConfigurationList;
			buildConfigurations = (
				58A73BB51FB55081001EF4DF /* Debug */,
				58A73BB61FB55081001EF4DF /* Release */,
			);
			defaultConfigurationIsVisible = 0;
			defaultConfigurationName = Release;
		};
		58A73BB71FB55081001EF4DF /* Build configuration list for PBXNativeTarget "Expenses_CoreData" */ = {
			isa = XCConfigurationList;
			buildConfigurations = (
				58A73BB81FB55081001EF4DF /* Debug */,
				58A73BB91FB55081001EF4DF /* Release */,
			);
			defaultConfigurationIsVisible = 0;
			defaultConfigurationName = Release;
		};
/* End XCConfigurationList section */

/* Begin XCVersionGroup section */
		58A73BAC1FB55081001EF4DF /* Expenses_CoreData.xcdatamodeld */ = {
			isa = XCVersionGroup;
			children = (
				58A73BAD1FB55081001EF4DF /* CategoricalExpenses.xcdatamodel */,
			);
			currentVersion = 58A73BAD1FB55081001EF4DF /* CategoricalExpenses.xcdatamodel */;
			path = Expenses_CoreData.xcdatamodeld;
			sourceTree = "<group>";
			versionGroupType = wrapper.xcdatamodel;
		};
/* End XCVersionGroup section */
	};
	rootObject = 58A73B9A1FB55081001EF4DF /* Project object */;
}
